// !$*UTF8*$!
{
	archiveVersion = 1;
	classes = {
	};
	objectVersion = 50;
	objects = {

/* Begin PBXBuildFile section */
		E731552C247AD68600299D44 /* HelperExtensions.swift in Sources */ = {isa = PBXBuildFile; fileRef = E731552B247AD68600299D44 /* HelperExtensions.swift */; };
		E731553E247F1D1B00299D44 /* DataLoaderTests.swift in Sources */ = {isa = PBXBuildFile; fileRef = E731553D247F1D1B00299D44 /* DataLoaderTests.swift */; };
		E7315540247F1D9500299D44 /* CalculatorTests.swift in Sources */ = {isa = PBXBuildFile; fileRef = E731553F247F1D9500299D44 /* CalculatorTests.swift */; };
		E7315541247F1EF500299D44 /* DataLoader.swift in Sources */ = {isa = PBXBuildFile; fileRef = E7316D622479D8FE003508BE /* DataLoader.swift */; };
		E73155422480677400299D44 /* DriverModel.swift in Sources */ = {isa = PBXBuildFile; fileRef = E7316D5E2479D382003508BE /* DriverModel.swift */; };
		E73155432480677D00299D44 /* TripModel.swift in Sources */ = {isa = PBXBuildFile; fileRef = E7316D602479D3EA003508BE /* TripModel.swift */; };
		E73155442480678000299D44 /* DriveSummaryModel.swift in Sources */ = {isa = PBXBuildFile; fileRef = E7316D64247A2D18003508BE /* DriveSummaryModel.swift */; };
		E73155452480678A00299D44 /* Calculator.swift in Sources */ = {isa = PBXBuildFile; fileRef = E7316D68247A31E6003508BE /* Calculator.swift */; };
		E73155462480678F00299D44 /* HelperExtensions.swift in Sources */ = {isa = PBXBuildFile; fileRef = E731552B247AD68600299D44 /* HelperExtensions.swift */; };
		E73155482480697B00299D44 /* MockInput.txt in Resources */ = {isa = PBXBuildFile; fileRef = E73155472480697B00299D44 /* MockInput.txt */; };
		E7315549248069C000299D44 /* MockInput.txt in Resources */ = {isa = PBXBuildFile; fileRef = E73155472480697B00299D44 /* MockInput.txt */; };
		E7316D472479C95C003508BE /* AppDelegate.swift in Sources */ = {isa = PBXBuildFile; fileRef = E7316D462479C95C003508BE /* AppDelegate.swift */; };
		E7316D492479C95C003508BE /* SceneDelegate.swift in Sources */ = {isa = PBXBuildFile; fileRef = E7316D482479C95C003508BE /* SceneDelegate.swift */; };
		E7316D4B2479C95C003508BE /* ViewController.swift in Sources */ = {isa = PBXBuildFile; fileRef = E7316D4A2479C95C003508BE /* ViewController.swift */; };
		E7316D4E2479C95C003508BE /* Main.storyboard in Resources */ = {isa = PBXBuildFile; fileRef = E7316D4C2479C95C003508BE /* Main.storyboard */; };
		E7316D502479C962003508BE /* Assets.xcassets in Resources */ = {isa = PBXBuildFile; fileRef = E7316D4F2479C962003508BE /* Assets.xcassets */; };
		E7316D532479C962003508BE /* LaunchScreen.storyboard in Resources */ = {isa = PBXBuildFile; fileRef = E7316D512479C962003508BE /* LaunchScreen.storyboard */; };
		E7316D5C2479CA37003508BE /* input.txt in Resources */ = {isa = PBXBuildFile; fileRef = E7316D5B2479CA37003508BE /* input.txt */; };
		E7316D5F2479D382003508BE /* DriverModel.swift in Sources */ = {isa = PBXBuildFile; fileRef = E7316D5E2479D382003508BE /* DriverModel.swift */; };
		E7316D612479D3EA003508BE /* TripModel.swift in Sources */ = {isa = PBXBuildFile; fileRef = E7316D602479D3EA003508BE /* TripModel.swift */; };
		E7316D632479D8FE003508BE /* DataLoader.swift in Sources */ = {isa = PBXBuildFile; fileRef = E7316D622479D8FE003508BE /* DataLoader.swift */; };
		E7316D65247A2D18003508BE /* DriveSummaryModel.swift in Sources */ = {isa = PBXBuildFile; fileRef = E7316D64247A2D18003508BE /* DriveSummaryModel.swift */; };
		E7316D69247A31E6003508BE /* Calculator.swift in Sources */ = {isa = PBXBuildFile; fileRef = E7316D68247A31E6003508BE /* Calculator.swift */; };
/* End PBXBuildFile section */

/* Begin PBXContainerItemProxy section */
		E7315538247F1A9500299D44 /* PBXContainerItemProxy */ = {
			isa = PBXContainerItemProxy;
			containerPortal = E7316D3B2479C95C003508BE /* Project object */;
			proxyType = 1;
			remoteGlobalIDString = E7316D422479C95C003508BE;
			remoteInfo = RootCodingTest;
		};
/* End PBXContainerItemProxy section */

/* Begin PBXFileReference section */
		E731552B247AD68600299D44 /* HelperExtensions.swift */ = {isa = PBXFileReference; lastKnownFileType = sourcecode.swift; path = HelperExtensions.swift; sourceTree = "<group>"; };
		E731552D247D84B400299D44 /* README.md */ = {isa = PBXFileReference; lastKnownFileType = net.daringfireball.markdown; path = README.md; sourceTree = "<group>"; };
		E7315533247F1A9500299D44 /* RootCodingTestTests.xctest */ = {isa = PBXFileReference; explicitFileType = wrapper.cfbundle; includeInIndex = 0; path = RootCodingTestTests.xctest; sourceTree = BUILT_PRODUCTS_DIR; };
		E7315537247F1A9500299D44 /* Info.plist */ = {isa = PBXFileReference; lastKnownFileType = text.plist.xml; path = Info.plist; sourceTree = "<group>"; };
		E731553D247F1D1B00299D44 /* DataLoaderTests.swift */ = {isa = PBXFileReference; lastKnownFileType = sourcecode.swift; path = DataLoaderTests.swift; sourceTree = "<group>"; };
		E731553F247F1D9500299D44 /* CalculatorTests.swift */ = {isa = PBXFileReference; lastKnownFileType = sourcecode.swift; path = CalculatorTests.swift; sourceTree = "<group>"; };
		E73155472480697B00299D44 /* MockInput.txt */ = {isa = PBXFileReference; lastKnownFileType = text; path = MockInput.txt; sourceTree = "<group>"; };
		E7316D432479C95C003508BE /* RootCodingTest.app */ = {isa = PBXFileReference; explicitFileType = wrapper.application; includeInIndex = 0; path = RootCodingTest.app; sourceTree = BUILT_PRODUCTS_DIR; };
		E7316D462479C95C003508BE /* AppDelegate.swift */ = {isa = PBXFileReference; lastKnownFileType = sourcecode.swift; path = AppDelegate.swift; sourceTree = "<group>"; };
		E7316D482479C95C003508BE /* SceneDelegate.swift */ = {isa = PBXFileReference; lastKnownFileType = sourcecode.swift; path = SceneDelegate.swift; sourceTree = "<group>"; };
		E7316D4A2479C95C003508BE /* ViewController.swift */ = {isa = PBXFileReference; lastKnownFileType = sourcecode.swift; path = ViewController.swift; sourceTree = "<group>"; };
		E7316D4D2479C95C003508BE /* Base */ = {isa = PBXFileReference; lastKnownFileType = file.storyboard; name = Base; path = Base.lproj/Main.storyboard; sourceTree = "<group>"; };
		E7316D4F2479C962003508BE /* Assets.xcassets */ = {isa = PBXFileReference; lastKnownFileType = folder.assetcatalog; path = Assets.xcassets; sourceTree = "<group>"; };
		E7316D522479C962003508BE /* Base */ = {isa = PBXFileReference; lastKnownFileType = file.storyboard; name = Base; path = Base.lproj/LaunchScreen.storyboard; sourceTree = "<group>"; };
		E7316D542479C962003508BE /* Info.plist */ = {isa = PBXFileReference; lastKnownFileType = text.plist.xml; path = Info.plist; sourceTree = "<group>"; };
		E7316D5B2479CA37003508BE /* input.txt */ = {isa = PBXFileReference; lastKnownFileType = text; path = input.txt; sourceTree = "<group>"; };
		E7316D5E2479D382003508BE /* DriverModel.swift */ = {isa = PBXFileReference; lastKnownFileType = sourcecode.swift; path = DriverModel.swift; sourceTree = "<group>"; };
		E7316D602479D3EA003508BE /* TripModel.swift */ = {isa = PBXFileReference; lastKnownFileType = sourcecode.swift; path = TripModel.swift; sourceTree = "<group>"; };
		E7316D622479D8FE003508BE /* DataLoader.swift */ = {isa = PBXFileReference; lastKnownFileType = sourcecode.swift; path = DataLoader.swift; sourceTree = "<group>"; };
		E7316D64247A2D18003508BE /* DriveSummaryModel.swift */ = {isa = PBXFileReference; lastKnownFileType = sourcecode.swift; path = DriveSummaryModel.swift; sourceTree = "<group>"; };
		E7316D68247A31E6003508BE /* Calculator.swift */ = {isa = PBXFileReference; lastKnownFileType = sourcecode.swift; path = Calculator.swift; sourceTree = "<group>"; };
/* End PBXFileReference section */

/* Begin PBXFrameworksBuildPhase section */
		E7315530247F1A9500299D44 /* Frameworks */ = {
			isa = PBXFrameworksBuildPhase;
			buildActionMask = 2147483647;
			files = (
			);
			runOnlyForDeploymentPostprocessing = 0;
		};
		E7316D402479C95C003508BE /* Frameworks */ = {
			isa = PBXFrameworksBuildPhase;
			buildActionMask = 2147483647;
			files = (
			);
			runOnlyForDeploymentPostprocessing = 0;
		};
/* End PBXFrameworksBuildPhase section */

/* Begin PBXGroup section */
		E731552A247AD64F00299D44 /* Utilities */ = {
			isa = PBXGroup;
			children = (
				E731552B247AD68600299D44 /* HelperExtensions.swift */,
			);
			path = Utilities;
			sourceTree = "<group>";
		};
		E731552E247DB79900299D44 /* Controllers */ = {
			isa = PBXGroup;
			children = (
				E7316D4A2479C95C003508BE /* ViewController.swift */,
			);
			path = Controllers;
			sourceTree = "<group>";
		};
		E7315534247F1A9500299D44 /* RootCodingTestTests */ = {
			isa = PBXGroup;
			children = (
				E7315537247F1A9500299D44 /* Info.plist */,
				E73155472480697B00299D44 /* MockInput.txt */,
				E731553D247F1D1B00299D44 /* DataLoaderTests.swift */,
				E731553F247F1D9500299D44 /* CalculatorTests.swift */,
			);
			path = RootCodingTestTests;
			sourceTree = "<group>";
		};
		E7316D3A2479C95C003508BE = {
			isa = PBXGroup;
			children = (
				E731552D247D84B400299D44 /* README.md */,
				E7316D452479C95C003508BE /* RootCodingTest */,
				E7315534247F1A9500299D44 /* RootCodingTestTests */,
				E7316D442479C95C003508BE /* Products */,
			);
			sourceTree = "<group>";
		};
		E7316D442479C95C003508BE /* Products */ = {
			isa = PBXGroup;
			children = (
				E7316D432479C95C003508BE /* RootCodingTest.app */,
				E7315533247F1A9500299D44 /* RootCodingTestTests.xctest */,
			);
			name = Products;
			sourceTree = "<group>";
		};
		E7316D452479C95C003508BE /* RootCodingTest */ = {
			isa = PBXGroup;
			children = (
				E7316D4C2479C95C003508BE /* Main.storyboard */,
				E7316D462479C95C003508BE /* AppDelegate.swift */,
				E7316D482479C95C003508BE /* SceneDelegate.swift */,
				E731552E247DB79900299D44 /* Controllers */,
				E7316D67247A318D003508BE /* BusinessLogic */,
				E7316D66247A3170003508BE /* Parser */,
				E7316D5D2479D33B003508BE /* Models */,
				E731552A247AD64F00299D44 /* Utilities */,
				E7316D5A2479C9F9003508BE /* Input Files */,
				E7316D4F2479C962003508BE /* Assets.xcassets */,
				E7316D512479C962003508BE /* LaunchScreen.storyboard */,
				E7316D542479C962003508BE /* Info.plist */,
			);
			path = RootCodingTest;
			sourceTree = "<group>";
		};
		E7316D5A2479C9F9003508BE /* Input Files */ = {
			isa = PBXGroup;
			children = (
				E7316D5B2479CA37003508BE /* input.txt */,
			);
			path = "Input Files";
			sourceTree = "<group>";
		};
		E7316D5D2479D33B003508BE /* Models */ = {
			isa = PBXGroup;
			children = (
				E7316D5E2479D382003508BE /* DriverModel.swift */,
				E7316D602479D3EA003508BE /* TripModel.swift */,
				E7316D64247A2D18003508BE /* DriveSummaryModel.swift */,
			);
			path = Models;
			sourceTree = "<group>";
		};
		E7316D66247A3170003508BE /* Parser */ = {
			isa = PBXGroup;
			children = (
				E7316D622479D8FE003508BE /* DataLoader.swift */,
			);
			path = Parser;
			sourceTree = "<group>";
		};
		E7316D67247A318D003508BE /* BusinessLogic */ = {
			isa = PBXGroup;
			children = (
				E7316D68247A31E6003508BE /* Calculator.swift */,
			);
			path = BusinessLogic;
			sourceTree = "<group>";
		};
/* End PBXGroup section */

/* Begin PBXNativeTarget section */
		E7315532247F1A9500299D44 /* RootCodingTestTests */ = {
			isa = PBXNativeTarget;
			buildConfigurationList = E731553C247F1A9500299D44 /* Build configuration list for PBXNativeTarget "RootCodingTestTests" */;
			buildPhases = (
				E731552F247F1A9500299D44 /* Sources */,
				E7315530247F1A9500299D44 /* Frameworks */,
				E7315531247F1A9500299D44 /* Resources */,
			);
			buildRules = (
			);
			dependencies = (
				E7315539247F1A9500299D44 /* PBXTargetDependency */,
			);
			name = RootCodingTestTests;
			productName = RootCodingTestTests;
			productReference = E7315533247F1A9500299D44 /* RootCodingTestTests.xctest */;
			productType = "com.apple.product-type.bundle.unit-test";
		};
		E7316D422479C95C003508BE /* RootCodingTest */ = {
			isa = PBXNativeTarget;
			buildConfigurationList = E7316D572479C962003508BE /* Build configuration list for PBXNativeTarget "RootCodingTest" */;
			buildPhases = (
				E7316D3F2479C95C003508BE /* Sources */,
				E7316D402479C95C003508BE /* Frameworks */,
				E7316D412479C95C003508BE /* Resources */,
			);
			buildRules = (
			);
			dependencies = (
			);
			name = RootCodingTest;
			productName = RootCodingTest;
			productReference = E7316D432479C95C003508BE /* RootCodingTest.app */;
			productType = "com.apple.product-type.application";
		};
/* End PBXNativeTarget section */

/* Begin PBXProject section */
		E7316D3B2479C95C003508BE /* Project object */ = {
			isa = PBXProject;
			attributes = {
				LastSwiftUpdateCheck = 1150;
				LastUpgradeCheck = 1150;
				ORGANIZATIONNAME = OrgName;
				TargetAttributes = {
					E7315532247F1A9500299D44 = {
						CreatedOnToolsVersion = 11.5;
						TestTargetID = E7316D422479C95C003508BE;
					};
					E7316D422479C95C003508BE = {
						CreatedOnToolsVersion = 11.5;
					};
				};
			};
			buildConfigurationList = E7316D3E2479C95C003508BE /* Build configuration list for PBXProject "RootCodingTest" */;
			compatibilityVersion = "Xcode 9.3";
			developmentRegion = en;
			hasScannedForEncodings = 0;
			knownRegions = (
				en,
				Base,
			);
			mainGroup = E7316D3A2479C95C003508BE;
			productRefGroup = E7316D442479C95C003508BE /* Products */;
			projectDirPath = "";
			projectRoot = "";
			targets = (
				E7316D422479C95C003508BE /* RootCodingTest */,
				E7315532247F1A9500299D44 /* RootCodingTestTests */,
			);
		};
/* End PBXProject section */

/* Begin PBXResourcesBuildPhase section */
		E7315531247F1A9500299D44 /* Resources */ = {
			isa = PBXResourcesBuildPhase;
			buildActionMask = 2147483647;
			files = (
				E73155482480697B00299D44 /* MockInput.txt in Resources */,
			);
			runOnlyForDeploymentPostprocessing = 0;
		};
		E7316D412479C95C003508BE /* Resources */ = {
			isa = PBXResourcesBuildPhase;
			buildActionMask = 2147483647;
			files = (
				E7316D532479C962003508BE /* LaunchScreen.storyboard in Resources */,
				E7316D502479C962003508BE /* Assets.xcassets in Resources */,
				E7315549248069C000299D44 /* MockInput.txt in Resources */,
				E7316D4E2479C95C003508BE /* Main.storyboard in Resources */,
				E7316D5C2479CA37003508BE /* input.txt in Resources */,
			);
			runOnlyForDeploymentPostprocessing = 0;
		};
/* End PBXResourcesBuildPhase section */

/* Begin PBXSourcesBuildPhase section */
		E731552F247F1A9500299D44 /* Sources */ = {
			isa = PBXSourcesBuildPhase;
			buildActionMask = 2147483647;
			files = (
				E731553E247F1D1B00299D44 /* DataLoaderTests.swift in Sources */,
				E73155462480678F00299D44 /* HelperExtensions.swift in Sources */,
				E73155422480677400299D44 /* DriverModel.swift in Sources */,
				E73155452480678A00299D44 /* Calculator.swift in Sources */,
				E7315540247F1D9500299D44 /* CalculatorTests.swift in Sources */,
				E73155442480678000299D44 /* DriveSummaryModel.swift in Sources */,
				E73155432480677D00299D44 /* TripModel.swift in Sources */,
				E7315541247F1EF500299D44 /* DataLoader.swift in Sources */,
			);
			runOnlyForDeploymentPostprocessing = 0;
		};
		E7316D3F2479C95C003508BE /* Sources */ = {
			isa = PBXSourcesBuildPhase;
			buildActionMask = 2147483647;
			files = (
				E7316D4B2479C95C003508BE /* ViewController.swift in Sources */,
				E731552C247AD68600299D44 /* HelperExtensions.swift in Sources */,
				E7316D5F2479D382003508BE /* DriverModel.swift in Sources */,
				E7316D632479D8FE003508BE /* DataLoader.swift in Sources */,
				E7316D472479C95C003508BE /* AppDelegate.swift in Sources */,
				E7316D612479D3EA003508BE /* TripModel.swift in Sources */,
				E7316D69247A31E6003508BE /* Calculator.swift in Sources */,
				E7316D492479C95C003508BE /* SceneDelegate.swift in Sources */,
				E7316D65247A2D18003508BE /* DriveSummaryModel.swift in Sources */,
			);
			runOnlyForDeploymentPostprocessing = 0;
		};
/* End PBXSourcesBuildPhase section */

/* Begin PBXTargetDependency section */
		E7315539247F1A9500299D44 /* PBXTargetDependency */ = {
			isa = PBXTargetDependency;
			target = E7316D422479C95C003508BE /* RootCodingTest */;
			targetProxy = E7315538247F1A9500299D44 /* PBXContainerItemProxy */;
		};
/* End PBXTargetDependency section */

/* Begin PBXVariantGroup section */
		E7316D4C2479C95C003508BE /* Main.storyboard */ = {
			isa = PBXVariantGroup;
			children = (
				E7316D4D2479C95C003508BE /* Base */,
			);
			name = Main.storyboard;
			sourceTree = "<group>";
		};
		E7316D512479C962003508BE /* LaunchScreen.storyboard */ = {
			isa = PBXVariantGroup;
			children = (
				E7316D522479C962003508BE /* Base */,
			);
			name = LaunchScreen.storyboard;
			sourceTree = "<group>";
		};
/* End PBXVariantGroup section */

/* Begin XCBuildConfiguration section */
		E731553A247F1A9500299D44 /* Debug */ = {
			isa = XCBuildConfiguration;
			buildSettings = {
				BUNDLE_LOADER = "$(TEST_HOST)";
				CODE_SIGN_STYLE = Automatic;
				DEVELOPMENT_TEAM = 39XXES98DU;
				INFOPLIST_FILE = RootCodingTestTests/Info.plist;
				LD_RUNPATH_SEARCH_PATHS = (
					"$(inherited)",
					"@executable_path/Frameworks",
					"@loader_path/Frameworks",
				);
				PRODUCT_BUNDLE_IDENTIFIER = MyOrg.RootCodingTestTests;
				PRODUCT_NAME = "$(TARGET_NAME)";
				SWIFT_VERSION = 5.0;
				TARGETED_DEVICE_FAMILY = "1,2";
				TEST_HOST = "$(BUILT_PRODUCTS_DIR)/RootCodingTest.app/RootCodingTest";
			};
			name = Debug;
		};
		E731553B247F1A9500299D44 /* Release */ = {
			isa = XCBuildConfiguration;
			buildSettings = {
				BUNDLE_LOADER = "$(TEST_HOST)";
				CODE_SIGN_STYLE = Automatic;
				DEVELOPMENT_TEAM = 39XXES98DU;
				INFOPLIST_FILE = RootCodingTestTests/Info.plist;
				LD_RUNPATH_SEARCH_PATHS = (
					"$(inherited)",
					"@executable_path/Frameworks",
					"@loader_path/Frameworks",
				);
				PRODUCT_BUNDLE_IDENTIFIER = MyOrg.RootCodingTestTests;
				PRODUCT_NAME = "$(TARGET_NAME)";
				SWIFT_VERSION = 5.0;
				TARGETED_DEVICE_FAMILY = "1,2";
				TEST_HOST = "$(BUILT_PRODUCTS_DIR)/RootCodingTest.app/RootCodingTest";
			};
			name = Release;
		};
		E7316D552479C962003508BE /* Debug */ = {
			isa = XCBuildConfiguration;
			buildSettings = {
				ALWAYS_SEARCH_USER_PATHS = NO;
				CLANG_ANALYZER_NONNULL = YES;
				CLANG_ANALYZER_NUMBER_OBJECT_CONVERSION = YES_AGGRESSIVE;
				CLANG_CXX_LANGUAGE_STANDARD = "gnu++14";
				CLANG_CXX_LIBRARY = "libc++";
				CLANG_ENABLE_MODULES = YES;
				CLANG_ENABLE_OBJC_ARC = YES;
				CLANG_ENABLE_OBJC_WEAK = YES;
				CLANG_WARN_BLOCK_CAPTURE_AUTORELEASING = YES;
				CLANG_WARN_BOOL_CONVERSION = YES;
				CLANG_WARN_COMMA = YES;
				CLANG_WARN_CONSTANT_CONVERSION = YES;
				CLANG_WARN_DEPRECATED_OBJC_IMPLEMENTATIONS = YES;
				CLANG_WARN_DIRECT_OBJC_ISA_USAGE = YES_ERROR;
				CLANG_WARN_DOCUMENTATION_COMMENTS = YES;
				CLANG_WARN_EMPTY_BODY = YES;
				CLANG_WARN_ENUM_CONVERSION = YES;
				CLANG_WARN_INFINITE_RECURSION = YES;
				CLANG_WARN_INT_CONVERSION = YES;
				CLANG_WARN_NON_LITERAL_NULL_CONVERSION = YES;
				CLANG_WARN_OBJC_IMPLICIT_RETAIN_SELF = YES;
				CLANG_WARN_OBJC_LITERAL_CONVERSION = YES;
				CLANG_WARN_OBJC_ROOT_CLASS = YES_ERROR;
				CLANG_WARN_RANGE_LOOP_ANALYSIS = YES;
				CLANG_WARN_STRICT_PROTOTYPES = YES;
				CLANG_WARN_SUSPICIOUS_MOVE = YES;
				CLANG_WARN_UNGUARDED_AVAILABILITY = YES_AGGRESSIVE;
				CLANG_WARN_UNREACHABLE_CODE = YES;
				CLANG_WARN__DUPLICATE_METHOD_MATCH = YES;
				COPY_PHASE_STRIP = NO;
				DEBUG_INFORMATION_FORMAT = dwarf;
				ENABLE_STRICT_OBJC_MSGSEND = YES;
				ENABLE_TESTABILITY = YES;
				GCC_C_LANGUAGE_STANDARD = gnu11;
				GCC_DYNAMIC_NO_PIC = NO;
				GCC_NO_COMMON_BLOCKS = YES;
				GCC_OPTIMIZATION_LEVEL = 0;
				GCC_PREPROCESSOR_DEFINITIONS = (
					"DEBUG=1",
					"$(inherited)",
				);
				GCC_WARN_64_TO_32_BIT_CONVERSION = YES;
				GCC_WARN_ABOUT_RETURN_TYPE = YES_ERROR;
				GCC_WARN_UNDECLARED_SELECTOR = YES;
				GCC_WARN_UNINITIALIZED_AUTOS = YES_AGGRESSIVE;
				GCC_WARN_UNUSED_FUNCTION = YES;
				GCC_WARN_UNUSED_VARIABLE = YES;
				IPHONEOS_DEPLOYMENT_TARGET = 13.5;
				MTL_ENABLE_DEBUG_INFO = INCLUDE_SOURCE;
				MTL_FAST_MATH = YES;
				ONLY_ACTIVE_ARCH = YES;
				SDKROOT = iphoneos;
				SWIFT_ACTIVE_COMPILATION_CONDITIONS = DEBUG;
				SWIFT_OPTIMIZATION_LEVEL = "-Onone";
			};
			name = Debug;
		};
		E7316D562479C962003508BE /* Release */ = {
			isa = XCBuildConfiguration;
			buildSettings = {
				ALWAYS_SEARCH_USER_PATHS = NO;
				CLANG_ANALYZER_NONNULL = YES;
				CLANG_ANALYZER_NUMBER_OBJECT_CONVERSION = YES_AGGRESSIVE;
				CLANG_CXX_LANGUAGE_STANDARD = "gnu++14";
				CLANG_CXX_LIBRARY = "libc++";
				CLANG_ENABLE_MODULES = YES;
				CLANG_ENABLE_OBJC_ARC = YES;
				CLANG_ENABLE_OBJC_WEAK = YES;
				CLANG_WARN_BLOCK_CAPTURE_AUTORELEASING = YES;
				CLANG_WARN_BOOL_CONVERSION = YES;
				CLANG_WARN_COMMA = YES;
				CLANG_WARN_CONSTANT_CONVERSION = YES;
				CLANG_WARN_DEPRECATED_OBJC_IMPLEMENTATIONS = YES;
				CLANG_WARN_DIRECT_OBJC_ISA_USAGE = YES_ERROR;
				CLANG_WARN_DOCUMENTATION_COMMENTS = YES;
				CLANG_WARN_EMPTY_BODY = YES;
				CLANG_WARN_ENUM_CONVERSION = YES;
				CLANG_WARN_INFINITE_RECURSION = YES;
				CLANG_WARN_INT_CONVERSION = YES;
				CLANG_WARN_NON_LITERAL_NULL_CONVERSION = YES;
				CLANG_WARN_OBJC_IMPLICIT_RETAIN_SELF = YES;
				CLANG_WARN_OBJC_LITERAL_CONVERSION = YES;
				CLANG_WARN_OBJC_ROOT_CLASS = YES_ERROR;
				CLANG_WARN_RANGE_LOOP_ANALYSIS = YES;
				CLANG_WARN_STRICT_PROTOTYPES = YES;
				CLANG_WARN_SUSPICIOUS_MOVE = YES;
				CLANG_WARN_UNGUARDED_AVAILABILITY = YES_AGGRESSIVE;
				CLANG_WARN_UNREACHABLE_CODE = YES;
				CLANG_WARN__DUPLICATE_METHOD_MATCH = YES;
				COPY_PHASE_STRIP = NO;
				DEBUG_INFORMATION_FORMAT = "dwarf-with-dsym";
				ENABLE_NS_ASSERTIONS = NO;
				ENABLE_STRICT_OBJC_MSGSEND = YES;
				GCC_C_LANGUAGE_STANDARD = gnu11;
				GCC_NO_COMMON_BLOCKS = YES;
				GCC_WARN_64_TO_32_BIT_CONVERSION = YES;
				GCC_WARN_ABOUT_RETURN_TYPE = YES_ERROR;
				GCC_WARN_UNDECLARED_SELECTOR = YES;
				GCC_WARN_UNINITIALIZED_AUTOS = YES_AGGRESSIVE;
				GCC_WARN_UNUSED_FUNCTION = YES;
				GCC_WARN_UNUSED_VARIABLE = YES;
				IPHONEOS_DEPLOYMENT_TARGET = 13.5;
				MTL_ENABLE_DEBUG_INFO = NO;
				MTL_FAST_MATH = YES;
				SDKROOT = iphoneos;
				SWIFT_COMPILATION_MODE = wholemodule;
				SWIFT_OPTIMIZATION_LEVEL = "-O";
				VALIDATE_PRODUCT = YES;
			};
			name = Release;
		};
		E7316D582479C962003508BE /* Debug */ = {
			isa = XCBuildConfiguration;
			buildSettings = {
				ASSETCATALOG_COMPILER_APPICON_NAME = AppIcon;
				CODE_SIGN_STYLE = Automatic;
				DEVELOPMENT_TEAM = 39XXES98DU;
				INFOPLIST_FILE = RootCodingTest/Info.plist;
				LD_RUNPATH_SEARCH_PATHS = (
					"$(inherited)",
					"@executable_path/Frameworks",
				);
				PRODUCT_BUNDLE_IDENTIFIER = MyOrg.RootCodingTest;
				PRODUCT_NAME = "$(TARGET_NAME)";
				SWIFT_VERSION = 5.0;
				TARGETED_DEVICE_FAMILY = "1,2";
			};
			name = Debug;
		};
		E7316D592479C962003508BE /* Release */ = {
			isa = XCBuildConfiguration;
			buildSettings = {
				ASSETCATALOG_COMPILER_APPICON_NAME = AppIcon;
				CODE_SIGN_STYLE = Automatic;
				DEVELOPMENT_TEAM = 39XXES98DU;
				INFOPLIST_FILE = RootCodingTest/Info.plist;
				LD_RUNPATH_SEARCH_PATHS = (
					"$(inherited)",
					"@executable_path/Frameworks",
				);
				PRODUCT_BUNDLE_IDENTIFIER = MyOrg.RootCodingTest;
				PRODUCT_NAME = "$(TARGET_NAME)";
				SWIFT_VERSION = 5.0;
				TARGETED_DEVICE_FAMILY = "1,2";
			};
			name = Release;
		};
/* End XCBuildConfiguration section */

/* Begin XCConfigurationList section */
		E731553C247F1A9500299D44 /* Build configuration list for PBXNativeTarget "RootCodingTestTests" */ = {
			isa = XCConfigurationList;
			buildConfigurations = (
				E731553A247F1A9500299D44 /* Debug */,
				E731553B247F1A9500299D44 /* Release */,
			);
			defaultConfigurationIsVisible = 0;
			defaultConfigurationName = Release;
		};
		E7316D3E2479C95C003508BE /* Build configuration list for PBXProject "RootCodingTest" */ = {
			isa = XCConfigurationList;
			buildConfigurations = (
				E7316D552479C962003508BE /* Debug */,
				E7316D562479C962003508BE /* Release */,
			);
			defaultConfigurationIsVisible = 0;
			defaultConfigurationName = Release;
		};
		E7316D572479C962003508BE /* Build configuration list for PBXNativeTarget "RootCodingTest" */ = {
			isa = XCConfigurationList;
			buildConfigurations = (
				E7316D582479C962003508BE /* Debug */,
				E7316D592479C962003508BE /* Release */,
			);
			defaultConfigurationIsVisible = 0;
			defaultConfigurationName = Release;
		};
/* End XCConfigurationList section */
	};
	rootObject = E7316D3B2479C95C003508BE /* Project object */;
}
